
Microsoft Visual Studio Solution File, Format Version 12.00
# Visual Studio Version 17
VisualStudioVersion = 17.9.34622.214
MinimumVisualStudioVersion = 10.0.40219.1
Project("{9A19103F-16F7-4668-BE54-9A1E7A4F7556}") = "task13_6_1", "task13_6_1\task13_6_1.csproj", "{F65C98D3-50EC-48EA-ABA3-525FF5ED5B6F}"
EndProject
Project("{FAE04EC0-301F-11D3-BF4B-00C04F79EFBC}") = "task13_6_2", "task13_6_2\task13_6_2.csproj", "{BAEC356E-8AEE-4905-AB4D-C2F6748E08E7}"
EndProject
Global
	GlobalSection(SolutionConfigurationPlatforms) = preSolution
		Debug|Any CPU = Debug|Any CPU
		Release|Any CPU = Release|Any CPU
	EndGlobalSection
	GlobalSection(ProjectConfigurationPlatforms) = postSolution
		{F65C98D3-50EC-48EA-ABA3-525FF5ED5B6F}.Debug|Any CPU.ActiveCfg = Debug|Any CPU
		{F65C98D3-50EC-48EA-ABA3-525FF5ED5B6F}.Debug|Any CPU.Build.0 = Debug|Any CPU
		{F65C98D3-50EC-48EA-ABA3-525FF5ED5B6F}.Release|Any CPU.ActiveCfg = Release|Any CPU
		{F65C98D3-50EC-48EA-ABA3-525FF5ED5B6F}.Release|Any CPU.Build.0 = Release|Any CPU
		{BAEC356E-8AEE-4905-AB4D-C2F6748E08E7}.Debug|Any CPU.ActiveCfg = Debug|Any CPU
		{BAEC356E-8AEE-4905-AB4D-C2F6748E08E7}.Debug|Any CPU.Build.0 = Debug|Any CPU
		{BAEC356E-8AEE-4905-AB4D-C2F6748E08E7}.Release|Any CPU.ActiveCfg = Release|Any CPU
		{BAEC356E-8AEE-4905-AB4D-C2F6748E08E7}.Release|Any CPU.Build.0 = Release|Any CPU
	EndGlobalSection
	GlobalSection(SolutionProperties) = preSolution
		HideSolutionNode = FALSE
	EndGlobalSection
	GlobalSection(ExtensibilityGlobals) = postSolution
		SolutionGuid = {F754B78D-10B7-4031-8F5F-7A0376D35B91}
	EndGlobalSection
EndGlobal
